099d6e3df15641d76748fa22b4136ae98bd723230d48d1b175927f0b57b07607  schemas/proto/risk.proto
29dd85b6d433b873cf3fb7094a5944e4e1fc260fa1ed07fd9639ce54028da5c4  schemas/json/metric.schema.json
3b22e91ad36da4ce4a3c4f1c7fa91770359af1d2c68d06fe608e8610c2abf567  schemas/proto/journal.proto
4b7b10aba2c850658aee37cf1746e6b31ada3f23ce9c300373e8feed71772ccf  schemas/json/strategy.schema.json
4c506b0291d3cc71e24e01bec6c4155370b2d41c1df6fca1405f94a5077f999f  schemas/proto/market.proto
64f36702fd624a3899340416728ae7bf044ed4c78a3a9276b240fc717379cdd1  schemas/proto/strategy.proto
67dd7cceb4fe6f664497e1d5881ec205fd924685a5047a37f8c8add7ccccd149  schemas/proto/identity.proto
7fee83def1ca3b66dce82a2c11770f368bde8dfbc3436b6ebb480cbadebfe93c  schemas/proto/execution.proto
8473a66e6a850c1c33c393838641120ac6d575d95cda1da3e382cf5508004e02  schemas/proto/decision.proto
bb0d9a910376994a88a1e28bf19c195d80b41b4340aabcca6f24683ac39dcc3e  schemas/json/workspace.schema.json
c77f142661b253645c4cbe96c5ba22b98ee249f8c44eeb6ef8a8a80e71df325d  schemas/proto/ipc.proto
c7c57bc09a5a27a892f427e9e799d355e1affb5025b141ad138db4d624c44507  schemas/json/provider.schema.json
e895e7c6dd55624f9b0da0f550f37c52ed711d0593ddbf66417288a5f0f20c8b  schemas/proto/intelligence.proto
ea43c54a80b6b0d2092d35b7dbe1907d276ace7403ce3003a739c0d3f066f123  schemas/json/prompt.schema.json
